
Microsoft Visual Studio Solution File, Format Version 12.00
# Visual Studio Version 17
VisualStudioVersion = 17.8.34525.116
MinimumVisualStudioVersion = 10.0.40219.1
Project("{9A19103F-16F7-4668-BE54-9A1E7A4F7556}") = "DataAccess", "DataAccess\DataAccess.csproj", "{450E783A-4CAF-48B2-AB38-2AACB64E262B}"
EndProject
Project("{FAE04EC0-301F-11D3-BF4B-00C04F79EFBC}") = "MVC", "MVC\MVC.csproj", "{BBC5298F-BE89-43A3-BC3D-3B053CA20DE6}"
EndProject
Global
	GlobalSection(SolutionConfigurationPlatforms) = preSolution
		Debug|Any CPU = Debug|Any CPU
		Release|Any CPU = Release|Any CPU
	EndGlobalSection
	GlobalSection(ProjectConfigurationPlatforms) = postSolution
		{450E783A-4CAF-48B2-AB38-2AACB64E262B}.Debug|Any CPU.ActiveCfg = Debug|Any CPU
		{450E783A-4CAF-48B2-AB38-2AACB64E262B}.Debug|Any CPU.Build.0 = Debug|Any CPU
		{450E783A-4CAF-48B2-AB38-2AACB64E262B}.Release|Any CPU.ActiveCfg = Release|Any CPU
		{450E783A-4CAF-48B2-AB38-2AACB64E262B}.Release|Any CPU.Build.0 = Release|Any CPU
		{BBC5298F-BE89-43A3-BC3D-3B053CA20DE6}.Debug|Any CPU.ActiveCfg = Debug|Any CPU
		{BBC5298F-BE89-43A3-BC3D-3B053CA20DE6}.Debug|Any CPU.Build.0 = Debug|Any CPU
		{BBC5298F-BE89-43A3-BC3D-3B053CA20DE6}.Release|Any CPU.ActiveCfg = Release|Any CPU
		{BBC5298F-BE89-43A3-BC3D-3B053CA20DE6}.Release|Any CPU.Build.0 = Release|Any CPU
	EndGlobalSection
	GlobalSection(SolutionProperties) = preSolution
		HideSolutionNode = FALSE
	EndGlobalSection
	GlobalSection(ExtensibilityGlobals) = postSolution
		SolutionGuid = {81813FB1-7967-43CA-9B4A-D29628779601}
	EndGlobalSection
EndGlobal
